
Microsoft Visual Studio Solution File, Format Version 11.00
# Visual Studio 2010
Project("{8BC9CEB8-8B4A-11D0-8D11-00A0C91BC942}") = "hw4", "hw4.vcxproj", "{6AB6B7CF-4DF6-46A1-B1CB-1248FEF96BCF}"
EndProject
Global
	GlobalSection(SolutionConfigurationPlatforms) = preSolution
		Debug|Win32 = Debug|Win32
		Release|Win32 = Release|Win32
	EndGlobalSection
	GlobalSection(ProjectConfigurationPlatforms) = postSolution
		{6AB6B7CF-4DF6-46A1-B1CB-1248FEF96BCF}.Debug|Win32.ActiveCfg = Debug|Win32
		{6AB6B7CF-4DF6-46A1-B1CB-1248FEF96BCF}.Debug|Win32.Build.0 = Debug|Win32
		{6AB6B7CF-4DF6-46A1-B1CB-1248FEF96BCF}.Release|Win32.ActiveCfg = Release|Win32
		{6AB6B7CF-4DF6-46A1-B1CB-1248FEF96BCF}.Release|Win32.Build.0 = Release|Win32
	EndGlobalSection
	GlobalSection(SolutionProperties) = preSolution
		HideSolutionNode = FALSE
	EndGlobalSection
EndGlobal
